
Microsoft Visual Studio Solution File, Format Version 12.00
# Visual Studio Version 17
VisualStudioVersion = 17.14.36518.9 d17.14
MinimumVisualStudioVersion = 10.0.40219.1
Project("{FAE04EC0-301F-11D3-BF4B-00C04F79EFBC}") = "QuickDelivery.Web", "QuickDelivery.Web\QuickDelivery.Web.csproj", "{7CFF81BC-BD2E-44F8-9897-C63D79460A49}"
EndProject
Project("{FAE04EC0-301F-11D3-BF4B-00C04F79EFBC}") = "QuickDelivery.Mobile", "QuickDelivery.Mobile\QuickDelivery.Mobile.csproj", "{26021624-0C1A-461C-B60D-189681311F50}"
EndProject
Global
	GlobalSection(SolutionConfigurationPlatforms) = preSolution
		Debug|Any CPU = Debug|Any CPU
		Release|Any CPU = Release|Any CPU
	EndGlobalSection
	GlobalSection(ProjectConfigurationPlatforms) = postSolution
		{7CFF81BC-BD2E-44F8-9897-C63D79460A49}.Debug|Any CPU.ActiveCfg = Debug|Any CPU
		{7CFF81BC-BD2E-44F8-9897-C63D79460A49}.Debug|Any CPU.Build.0 = Debug|Any CPU
		{7CFF81BC-BD2E-44F8-9897-C63D79460A49}.Release|Any CPU.ActiveCfg = Release|Any CPU
		{7CFF81BC-BD2E-44F8-9897-C63D79460A49}.Release|Any CPU.Build.0 = Release|Any CPU
		{26021624-0C1A-461C-B60D-189681311F50}.Debug|Any CPU.ActiveCfg = Debug|Any CPU
		{26021624-0C1A-461C-B60D-189681311F50}.Debug|Any CPU.Build.0 = Debug|Any CPU
		{26021624-0C1A-461C-B60D-189681311F50}.Debug|Any CPU.Deploy.0 = Debug|Any CPU
		{26021624-0C1A-461C-B60D-189681311F50}.Release|Any CPU.ActiveCfg = Release|Any CPU
		{26021624-0C1A-461C-B60D-189681311F50}.Release|Any CPU.Build.0 = Release|Any CPU
		{26021624-0C1A-461C-B60D-189681311F50}.Release|Any CPU.Deploy.0 = Release|Any CPU
	EndGlobalSection
	GlobalSection(SolutionProperties) = preSolution
		HideSolutionNode = FALSE
	EndGlobalSection
	GlobalSection(ExtensibilityGlobals) = postSolution
		SolutionGuid = {D4E21157-FB02-4F5D-AFFE-3E2C9C2D8BE0}
	EndGlobalSection
EndGlobal
